
Microsoft Visual Studio Solution File, Format Version 12.00
# Visual Studio Version 16
VisualStudioVersion = 16.0.30413.136
MinimumVisualStudioVersion = 10.0.40219.1
Project("{FAE04EC0-301F-11D3-BF4B-00C04F79EFBC}") = "Practice-github-assignment-s1415495", "Practice-github-assignment-s1415495\Practice-github-assignment-s1415495.csproj", "{B9E28474-14EB-4AAB-A257-B40876F8426E}"
EndProject
Global
	GlobalSection(SolutionConfigurationPlatforms) = preSolution
		Debug|Any CPU = Debug|Any CPU
		Release|Any CPU = Release|Any CPU
	EndGlobalSection
	GlobalSection(ProjectConfigurationPlatforms) = postSolution
		{B9E28474-14EB-4AAB-A257-B40876F8426E}.Debug|Any CPU.ActiveCfg = Debug|Any CPU
		{B9E28474-14EB-4AAB-A257-B40876F8426E}.Debug|Any CPU.Build.0 = Debug|Any CPU
		{B9E28474-14EB-4AAB-A257-B40876F8426E}.Release|Any CPU.ActiveCfg = Release|Any CPU
		{B9E28474-14EB-4AAB-A257-B40876F8426E}.Release|Any CPU.Build.0 = Release|Any CPU
	EndGlobalSection
	GlobalSection(SolutionProperties) = preSolution
		HideSolutionNode = FALSE
	EndGlobalSection
	GlobalSection(ExtensibilityGlobals) = postSolution
		SolutionGuid = {81FC1AA1-C715-48B5-8AEE-2A2E088BFDBC}
	EndGlobalSection
EndGlobal
